// !$*UTF8*$!
{
	archiveVersion = 1;
	classes = {
	};
	objectVersion = 77;
	objects = {

/* Begin PBXBuildFile section */
		1ea0cb3bc98c478aaf71ec71 /* Alarm.swift in Sources */ = {isa = PBXBuildFile; fileRef = 23c1b019e3ca48f99a2512ba /* Alarm.swift */; };
		0144a2d85809419290ca5416 /* Country.swift in Sources */ = {isa = PBXBuildFile; fileRef = a53bffc5b8d7435f85512728 /* Country.swift */; };
		537fae38370d4857a0f0282c /* AlarmViewModel.swift in Sources */ = {isa = PBXBuildFile; fileRef = c0d93f8293644af99db05acb /* AlarmViewModel.swift */; };
		0926bbd73f084171927045e9 /* AlarmCardView.swift in Sources */ = {isa = PBXBuildFile; fileRef = 7cf857b200ed4242858a4214 /* AlarmCardView.swift */; };
		f3fa27104f814f279aea8cf6 /* AlarmListView.swift in Sources */ = {isa = PBXBuildFile; fileRef = 2055e47b01704302b9a69f9c /* AlarmListView.swift */; };
		0d531177a8524c6eaff0cb63 /* AlarmFormView.swift in Sources */ = {isa = PBXBuildFile; fileRef = f1c854c0da854c6da495d9c1 /* AlarmFormView.swift */; };
		51C503CA6D2F46F88D80A5DF /* TimezoneAlarmApp.swift in Sources */ = {isa = PBXBuildFile; fileRef = 7BB57D6CC548EA702320A886 /* TimezoneAlarmApp.swift */; };
		9BCFF78819A255F7ECC7C92C /* ContentView.swift in Sources */ = {isa = PBXBuildFile; fileRef = BAB581C9CBC9D09BF2208EFC /* ContentView.swift */; };
		C44098253B5754E1A1CEA007 /* TimezoneAlarmAppTests.swift in Sources */ = {isa = PBXBuildFile; fileRef = 564C6309D5D3FC8B7E05E25F /* TimezoneAlarmAppTests.swift */; };
/* End PBXBuildFile section */

/* Begin PBXContainerItemProxy section */
		44DB57A8F03B23B69C034BEF /* PBXContainerItemProxy */ = {
			isa = PBXContainerItemProxy;
			containerPortal = CC2C981CACCA30FFE0C4517A /* Project object */;
			proxyType = 1;
			remoteGlobalIDString = 26C790505A4A5E14A0448590;
			remoteInfo = TimezoneAlarm;
		};
/* End PBXContainerItemProxy section */

/* Begin PBXFileReference section */
		2055e47b01704302b9a69f9c /* AlarmListView.swift */ = {isa = PBXFileReference; lastKnownFileType = sourcecode.swift; path = AlarmListView.swift; sourceTree = "<group>"; };
		23c1b019e3ca48f99a2512ba /* Alarm.swift */ = {isa = PBXFileReference; lastKnownFileType = sourcecode.swift; path = Alarm.swift; sourceTree = "<group>"; };
		a53bffc5b8d7435f85512728 /* Country.swift */ = {isa = PBXFileReference; lastKnownFileType = sourcecode.swift; path = Country.swift; sourceTree = "<group>"; };
		f1c854c0da854c6da495d9c1 /* AlarmFormView.swift */ = {isa = PBXFileReference; lastKnownFileType = sourcecode.swift; path = AlarmFormView.swift; sourceTree = "<group>"; };
		564C6309D5D3FC8B7E05E25F /* TimezoneAlarmAppTests.swift */ = {isa = PBXFileReference; lastKnownFileType = sourcecode.swift; path = TimezoneAlarmAppTests.swift; sourceTree = "<group>"; };
		5D25D70292A40C0AA7B7CE59 /* TimezoneAlarm.app */ = {isa = PBXFileReference; includeInIndex = 0; lastKnownFileType = wrapper.application; path = TimezoneAlarm.app; sourceTree = BUILT_PRODUCTS_DIR; };
		7BB57D6CC548EA702320A886 /* TimezoneAlarmApp.swift */ = {isa = PBXFileReference; lastKnownFileType = sourcecode.swift; path = TimezoneAlarmApp.swift; sourceTree = "<group>"; };
		7cf857b200ed4242858a4214 /* AlarmCardView.swift */ = {isa = PBXFileReference; lastKnownFileType = sourcecode.swift; path = AlarmCardView.swift; sourceTree = "<group>"; };
		BAB581C9CBC9D09BF2208EFC /* ContentView.swift */ = {isa = PBXFileReference; lastKnownFileType = sourcecode.swift; path = ContentView.swift; sourceTree = "<group>"; };
		C9280CEC28D1C9EB1F6C08BB /* TimezoneAlarmTests.xctest */ = {isa = PBXFileReference; includeInIndex = 0; lastKnownFileType = wrapper.cfbundle; path = TimezoneAlarmTests.xctest; sourceTree = BUILT_PRODUCTS_DIR; };
		CB864B139FD73FF46A788586 /* Info.plist */ = {isa = PBXFileReference; lastKnownFileType = text.plist; path = Info.plist; sourceTree = "<group>"; };
		c0d93f8293644af99db05acb /* AlarmViewModel.swift */ = {isa = PBXFileReference; lastKnownFileType = sourcecode.swift; path = AlarmViewModel.swift; sourceTree = "<group>"; };
/* End PBXFileReference section */

/* Begin PBXGroup section */
		0068AC6726624D66FB8EE254 /* Products */ = {
			isa = PBXGroup;
			children = (
				5D25D70292A40C0AA7B7CE59 /* TimezoneAlarm.app */,
				C9280CEC28D1C9EB1F6C08BB /* TimezoneAlarmTests.xctest */,
			);
			name = Products;
			sourceTree = "<group>";
		};
		304F26C114F1E943094D4896 /* TimezoneAlarmTests */ = {
			isa = PBXGroup;
			children = (
				564C6309D5D3FC8B7E05E25F /* TimezoneAlarmAppTests.swift */,
			);
			path = TimezoneAlarmTests;
			sourceTree = "<group>";
		};
		4D4F748C6E198882F1BB0967 = {
			isa = PBXGroup;
			children = (
				9EEB44242BB470AE76C4B6AF /* TimezoneAlarm */,
				304F26C114F1E943094D4896 /* TimezoneAlarmTests */,
				0068AC6726624D66FB8EE254 /* Products */,
			);
			sourceTree = "<group>";
		};
		1afbfe7d17c2440693826747 /* Models */ = {
			isa = PBXGroup;
			children = (
				23c1b019e3ca48f99a2512ba /* Alarm.swift */,
				a53bffc5b8d7435f85512728 /* Country.swift */,
			);
			path = Models;
			sourceTree = "<group>";
		};
		818c7eabc63a49d5936a8312 /* ViewModels */ = {
			isa = PBXGroup;
			children = (
				c0d93f8293644af99db05acb /* AlarmViewModel.swift */,
			);
			path = ViewModels;
			sourceTree = "<group>";
		};
		a8e2f555970d4e4ebacc98a0 /* Views */ = {
			isa = PBXGroup;
			children = (
				7cf857b200ed4242858a4214 /* AlarmCardView.swift */,
				2055e47b01704302b9a69f9c /* AlarmListView.swift */,
				f1c854c0da854c6da495d9c1 /* AlarmFormView.swift */,
			);
			path = Views;
			sourceTree = "<group>";
		};
		9EEB44242BB470AE76C4B6AF /* TimezoneAlarm */ = {
			isa = PBXGroup;
			children = (
				1afbfe7d17c2440693826747 /* Models */,
				818c7eabc63a49d5936a8312 /* ViewModels */,
				a8e2f555970d4e4ebacc98a0 /* Views */,
				BAB581C9CBC9D09BF2208EFC /* ContentView.swift */,
				CB864B139FD73FF46A788586 /* Info.plist */,
				7BB57D6CC548EA702320A886 /* TimezoneAlarmApp.swift */,
			);
			path = TimezoneAlarm;
			sourceTree = "<group>";
		};
/* End PBXGroup section */

/* Begin PBXNativeTarget section */
		0396BEDD57F6DBC7B3B36485 /* TimezoneAlarmTests */ = {
			isa = PBXNativeTarget;
			buildConfigurationList = 9D722795994490302E808B41 /* Build configuration list for PBXNativeTarget "TimezoneAlarmTests" */;
			buildPhases = (
				F566001E6DC3C4646BB12D55 /* Sources */,
			);
			buildRules = (
			);
			dependencies = (
				FB49C54ABECDA0C646A6934D /* PBXTargetDependency */,
			);
			name = TimezoneAlarmTests;
			packageProductDependencies = (
			);
			productName = TimezoneAlarmTests;
			productReference = C9280CEC28D1C9EB1F6C08BB /* TimezoneAlarmTests.xctest */;
			productType = "com.apple.product-type.bundle.unit-test";
		};
		26C790505A4A5E14A0448590 /* TimezoneAlarm */ = {
			isa = PBXNativeTarget;
			buildConfigurationList = 118E8054DF119DBD74443302 /* Build configuration list for PBXNativeTarget "TimezoneAlarm" */;
			buildPhases = (
				185D159576A6B5CC4F9F0D6C /* Sources */,
			);
			buildRules = (
			);
			dependencies = (
			);
			name = TimezoneAlarm;
			packageProductDependencies = (
			);
			productName = TimezoneAlarm;
			productReference = 5D25D70292A40C0AA7B7CE59 /* TimezoneAlarm.app */;
			productType = "com.apple.product-type.application";
		};
/* End PBXNativeTarget section */

/* Begin PBXProject section */
		CC2C981CACCA30FFE0C4517A /* Project object */ = {
			isa = PBXProject;
			attributes = {
				BuildIndependentTargetsInParallel = YES;
				LastUpgradeCheck = 1500;
			};
			buildConfigurationList = 2DC542B08516ED1D02293294 /* Build configuration list for PBXProject "TimezoneAlarm" */;
			compatibilityVersion = "Xcode 14.0";
			developmentRegion = en;
			hasScannedForEncodings = 0;
			knownRegions = (
				Base,
				en,
			);
			mainGroup = 4D4F748C6E198882F1BB0967;
			minimizedProjectReferenceProxies = 1;
			preferredProjectObjectVersion = 77;
			projectDirPath = "";
			projectRoot = "";
			targets = (
				26C790505A4A5E14A0448590 /* TimezoneAlarm */,
				0396BEDD57F6DBC7B3B36485 /* TimezoneAlarmTests */,
			);
		};
/* End PBXProject section */

/* Begin PBXSourcesBuildPhase section */
		185D159576A6B5CC4F9F0D6C /* Sources */ = {
			isa = PBXSourcesBuildPhase;
			buildActionMask = 2147483647;
			files = (
				1ea0cb3bc98c478aaf71ec71 /* Alarm.swift in Sources */,
				0144a2d85809419290ca5416 /* Country.swift in Sources */,
				537fae38370d4857a0f0282c /* AlarmViewModel.swift in Sources */,
				0926bbd73f084171927045e9 /* AlarmCardView.swift in Sources */,
				f3fa27104f814f279aea8cf6 /* AlarmListView.swift in Sources */,
				0d531177a8524c6eaff0cb63 /* AlarmFormView.swift in Sources */,
				9BCFF78819A255F7ECC7C92C /* ContentView.swift in Sources */,
				51C503CA6D2F46F88D80A5DF /* TimezoneAlarmApp.swift in Sources */,
			);
			runOnlyForDeploymentPostprocessing = 0;
		};
		F566001E6DC3C4646BB12D55 /* Sources */ = {
			isa = PBXSourcesBuildPhase;
			buildActionMask = 2147483647;
			files = (
				C44098253B5754E1A1CEA007 /* TimezoneAlarmAppTests.swift in Sources */,
			);
			runOnlyForDeploymentPostprocessing = 0;
		};
/* End PBXSourcesBuildPhase section */

/* Begin PBXTargetDependency section */
		FB49C54ABECDA0C646A6934D /* PBXTargetDependency */ = {
			isa = PBXTargetDependency;
			target = 26C790505A4A5E14A0448590 /* TimezoneAlarm */;
			targetProxy = 44DB57A8F03B23B69C034BEF /* PBXContainerItemProxy */;
		};
/* End PBXTargetDependency section */

/* Begin XCBuildConfiguration section */
		18DBE6B8EE2F46F81306507A /* Debug */ = {
			isa = XCBuildConfiguration;
			buildSettings = {
				ALWAYS_SEARCH_USER_PATHS = NO;
				CLANG_ANALYZER_NONNULL = YES;
				CLANG_ANALYZER_NUMBER_OBJECT_CONVERSION = YES_AGGRESSIVE;
				CLANG_CXX_LANGUAGE_STANDARD = "gnu++14";
				CLANG_CXX_LIBRARY = "libc++";
				CLANG_ENABLE_MODULES = YES;
				CLANG_ENABLE_OBJC_ARC = YES;
				CLANG_ENABLE_OBJC_WEAK = YES;
				CLANG_WARN_BLOCK_CAPTURE_AUTORELEASING = YES;
				CLANG_WARN_BOOL_CONVERSION = YES;
				CLANG_WARN_COMMA = YES;
				CLANG_WARN_CONSTANT_CONVERSION = YES;
				CLANG_WARN_DEPRECATED_OBJC_IMPLEMENTATIONS = YES;
				CLANG_WARN_DIRECT_OBJC_ISA_USAGE = YES_ERROR;
				CLANG_WARN_DOCUMENTATION_COMMENTS = YES;
				CLANG_WARN_EMPTY_BODY = YES;
				CLANG_WARN_ENUM_CONVERSION = YES;
				CLANG_WARN_INFINITE_RECURSION = YES;
				CLANG_WARN_INT_CONVERSION = YES;
				CLANG_WARN_NON_LITERAL_NULL_CONVERSION = YES;
				CLANG_WARN_OBJC_IMPLICIT_RETAIN_SELF = YES;
				CLANG_WARN_OBJC_LITERAL_CONVERSION = YES;
				CLANG_WARN_OBJC_ROOT_CLASS = YES_ERROR;
				CLANG_WARN_QUOTED_INCLUDE_IN_FRAMEWORK_HEADER = YES;
				CLANG_WARN_RANGE_LOOP_ANALYSIS = YES;
				CLANG_WARN_STRICT_PROTOTYPES = YES;
				CLANG_WARN_SUSPICIOUS_MOVE = YES;
				CLANG_WARN_UNGUARDED_AVAILABILITY = YES_AGGRESSIVE;
				CLANG_WARN_UNREACHABLE_CODE = YES;
				CLANG_WARN__DUPLICATE_METHOD_MATCH = YES;
				COPY_PHASE_STRIP = NO;
				DEBUG_INFORMATION_FORMAT = dwarf;
				ENABLE_STRICT_OBJC_MSGSEND = YES;
				ENABLE_TESTABILITY = YES;
				GCC_C_LANGUAGE_STANDARD = gnu11;
				GCC_DYNAMIC_NO_PIC = NO;
				GCC_NO_COMMON_BLOCKS = YES;
				GCC_OPTIMIZATION_LEVEL = 0;
				GCC_PREPROCESSOR_DEFINITIONS = (
					"$(inherited)",
					"DEBUG=1",
				);
				GCC_WARN_64_TO_32_BIT_CONVERSION = YES;
				GCC_WARN_ABOUT_RETURN_TYPE = YES_ERROR;
				GCC_WARN_UNDECLARED_SELECTOR = YES;
				GCC_WARN_UNINITIALIZED_AUTOS = YES_AGGRESSIVE;
				GCC_WARN_UNUSED_FUNCTION = YES;
				GCC_WARN_UNUSED_VARIABLE = YES;
				IPHONEOS_DEPLOYMENT_TARGET = 17.0;
				MTL_ENABLE_DEBUG_INFO = INCLUDE_SOURCE;
				MTL_FAST_MATH = YES;
				ONLY_ACTIVE_ARCH = YES;
				PRODUCT_NAME = "$(TARGET_NAME)";
				SDKROOT = iphoneos;
				SWIFT_ACTIVE_COMPILATION_CONDITIONS = DEBUG;
				SWIFT_OPTIMIZATION_LEVEL = "-Onone";
				SWIFT_VERSION = 5.0;
			};
			name = Debug;
		};
		26111A5CE0E59A7D6B32EC1B /* Release */ = {
			isa = XCBuildConfiguration;
			buildSettings = {
				BUNDLE_LOADER = "$(TEST_HOST)";
				GENERATE_INFOPLIST_FILE = YES;
				IPHONEOS_DEPLOYMENT_TARGET = 17.0;
				LD_RUNPATH_SEARCH_PATHS = (
					"$(inherited)",
					"@executable_path/Frameworks",
					"@loader_path/Frameworks",
				);
				PRODUCT_BUNDLE_IDENTIFIER = com.timezonealarm.appTests;
				SDKROOT = iphoneos;
				SWIFT_STRICT_CONCURRENCY = complete;
				SWIFT_VERSION = 6.0;
				TARGETED_DEVICE_FAMILY = "1,2";
				TEST_HOST = "$(BUILT_PRODUCTS_DIR)/TimezoneAlarm.app/TimezoneAlarm";
			};
			name = Release;
		};
		2FDFF429C8B066FBD2C96657 /* Debug */ = {
			isa = XCBuildConfiguration;
			buildSettings = {
				ASSETCATALOG_COMPILER_APPICON_NAME = AppIcon;
				CODE_SIGN_IDENTITY = "iPhone Developer";
				INFOPLIST_FILE = TimezoneAlarm/Info.plist;
				IPHONEOS_DEPLOYMENT_TARGET = 17.0;
				LD_RUNPATH_SEARCH_PATHS = (
					"$(inherited)",
					"@executable_path/Frameworks",
				);
				PRODUCT_BUNDLE_IDENTIFIER = com.timezonealarm.app;
				SDKROOT = iphoneos;
				SWIFT_STRICT_CONCURRENCY = complete;
				SWIFT_VERSION = 6.0;
				TARGETED_DEVICE_FAMILY = "1,2";
			};
			name = Debug;
		};
		36F910E58F7697F7A951AE91 /* Debug */ = {
			isa = XCBuildConfiguration;
			buildSettings = {
				BUNDLE_LOADER = "$(TEST_HOST)";
				GENERATE_INFOPLIST_FILE = YES;
				IPHONEOS_DEPLOYMENT_TARGET = 17.0;
				LD_RUNPATH_SEARCH_PATHS = (
					"$(inherited)",
					"@executable_path/Frameworks",
					"@loader_path/Frameworks",
				);
				PRODUCT_BUNDLE_IDENTIFIER = com.timezonealarm.appTests;
				SDKROOT = iphoneos;
				SWIFT_STRICT_CONCURRENCY = complete;
				SWIFT_VERSION = 6.0;
				TARGETED_DEVICE_FAMILY = "1,2";
				TEST_HOST = "$(BUILT_PRODUCTS_DIR)/TimezoneAlarm.app/TimezoneAlarm";
			};
			name = Debug;
		};
		52C17A95A4C78908CBCCF6CB /* Release */ = {
			isa = XCBuildConfiguration;
			buildSettings = {
				ASSETCATALOG_COMPILER_APPICON_NAME = AppIcon;
				CODE_SIGN_IDENTITY = "iPhone Developer";
				INFOPLIST_FILE = TimezoneAlarm/Info.plist;
				IPHONEOS_DEPLOYMENT_TARGET = 17.0;
				LD_RUNPATH_SEARCH_PATHS = (
					"$(inherited)",
					"@executable_path/Frameworks",
				);
				PRODUCT_BUNDLE_IDENTIFIER = com.timezonealarm.app;
				SDKROOT = iphoneos;
				SWIFT_STRICT_CONCURRENCY = complete;
				SWIFT_VERSION = 6.0;
				TARGETED_DEVICE_FAMILY = "1,2";
			};
			name = Release;
		};
		B15D880D0711F04EE7652375 /* Release */ = {
			isa = XCBuildConfiguration;
			buildSettings = {
				ALWAYS_SEARCH_USER_PATHS = NO;
				CLANG_ANALYZER_NONNULL = YES;
				CLANG_ANALYZER_NUMBER_OBJECT_CONVERSION = YES_AGGRESSIVE;
				CLANG_CXX_LANGUAGE_STANDARD = "gnu++14";
				CLANG_CXX_LIBRARY = "libc++";
				CLANG_ENABLE_MODULES = YES;
				CLANG_ENABLE_OBJC_ARC = YES;
				CLANG_ENABLE_OBJC_WEAK = YES;
				CLANG_WARN_BLOCK_CAPTURE_AUTORELEASING = YES;
				CLANG_WARN_BOOL_CONVERSION = YES;
				CLANG_WARN_COMMA = YES;
				CLANG_WARN_CONSTANT_CONVERSION = YES;
				CLANG_WARN_DEPRECATED_OBJC_IMPLEMENTATIONS = YES;
				CLANG_WARN_DIRECT_OBJC_ISA_USAGE = YES_ERROR;
				CLANG_WARN_DOCUMENTATION_COMMENTS = YES;
				CLANG_WARN_EMPTY_BODY = YES;
				CLANG_WARN_ENUM_CONVERSION = YES;
				CLANG_WARN_INFINITE_RECURSION = YES;
				CLANG_WARN_INT_CONVERSION = YES;
				CLANG_WARN_NON_LITERAL_NULL_CONVERSION = YES;
				CLANG_WARN_OBJC_IMPLICIT_RETAIN_SELF = YES;
				CLANG_WARN_OBJC_LITERAL_CONVERSION = YES;
				CLANG_WARN_OBJC_ROOT_CLASS = YES_ERROR;
				CLANG_WARN_QUOTED_INCLUDE_IN_FRAMEWORK_HEADER = YES;
				CLANG_WARN_RANGE_LOOP_ANALYSIS = YES;
				CLANG_WARN_STRICT_PROTOTYPES = YES;
				CLANG_WARN_SUSPICIOUS_MOVE = YES;
				CLANG_WARN_UNGUARDED_AVAILABILITY = YES_AGGRESSIVE;
				CLANG_WARN_UNREACHABLE_CODE = YES;
				CLANG_WARN__DUPLICATE_METHOD_MATCH = YES;
				COPY_PHASE_STRIP = NO;
				DEBUG_INFORMATION_FORMAT = "dwarf-with-dsym";
				ENABLE_NS_ASSERTIONS = NO;
				ENABLE_STRICT_OBJC_MSGSEND = YES;
				GCC_C_LANGUAGE_STANDARD = gnu11;
				GCC_NO_COMMON_BLOCKS = YES;
				GCC_WARN_64_TO_32_BIT_CONVERSION = YES;
				GCC_WARN_ABOUT_RETURN_TYPE = YES_ERROR;
				GCC_WARN_UNDECLARED_SELECTOR = YES;
				GCC_WARN_UNINITIALIZED_AUTOS = YES_AGGRESSIVE;
				GCC_WARN_UNUSED_FUNCTION = YES;
				GCC_WARN_UNUSED_VARIABLE = YES;
				IPHONEOS_DEPLOYMENT_TARGET = 17.0;
				MTL_ENABLE_DEBUG_INFO = NO;
				MTL_FAST_MATH = YES;
				PRODUCT_NAME = "$(TARGET_NAME)";
				SDKROOT = iphoneos;
				SWIFT_COMPILATION_MODE = wholemodule;
				SWIFT_OPTIMIZATION_LEVEL = "-O";
				SWIFT_VERSION = 5.0;
			};
			name = Release;
		};
/* End XCBuildConfiguration section */

/* Begin XCConfigurationList section */
		118E8054DF119DBD74443302 /* Build configuration list for PBXNativeTarget "TimezoneAlarm" */ = {
			isa = XCConfigurationList;
			buildConfigurations = (
				2FDFF429C8B066FBD2C96657 /* Debug */,
				52C17A95A4C78908CBCCF6CB /* Release */,
			);
			defaultConfigurationIsVisible = 0;
			defaultConfigurationName = Debug;
		};
		2DC542B08516ED1D02293294 /* Build configuration list for PBXProject "TimezoneAlarm" */ = {
			isa = XCConfigurationList;
			buildConfigurations = (
				18DBE6B8EE2F46F81306507A /* Debug */,
				B15D880D0711F04EE7652375 /* Release */,
			);
			defaultConfigurationIsVisible = 0;
			defaultConfigurationName = Debug;
		};
		9D722795994490302E808B41 /* Build configuration list for PBXNativeTarget "TimezoneAlarmTests" */ = {
			isa = XCConfigurationList;
			buildConfigurations = (
				36F910E58F7697F7A951AE91 /* Debug */,
				26111A5CE0E59A7D6B32EC1B /* Release */,
			);
			defaultConfigurationIsVisible = 0;
			defaultConfigurationName = Debug;
		};
/* End XCConfigurationList section */
	};
	rootObject = CC2C981CACCA30FFE0C4517A /* Project object */;
}
